
Microsoft Visual Studio Solution File, Format Version 12.00
# Visual Studio Version 17
VisualStudioVersion = 17.9.34607.119
MinimumVisualStudioVersion = 10.0.40219.1
Project("{9A19103F-16F7-4668-BE54-9A1E7A4F7556}") = "Voting-API", "Voting-API\Voting-API.csproj", "{4AAB6F39-D1B2-4AD2-A353-B3372D48CFC3}"
EndProject
Project("{9A19103F-16F7-4668-BE54-9A1E7A4F7556}") = "Domain", "Domain\Domain.csproj", "{54DB8E6A-9BCD-4C05-8E06-AC15B36500C1}"
EndProject
Project("{9A19103F-16F7-4668-BE54-9A1E7A4F7556}") = "Infrastructure", "Infrastructure\Infrastructure.csproj", "{0AFA3A32-29A9-4BDA-8C00-1DB2E0A96183}"
EndProject
Project("{E53339B2-1760-4266-BCC7-CA923CBCF16C}") = "docker-compose", "docker-compose.dcproj", "{C6E7B38E-540B-425B-BEB3-D2FB4ECADEC1}"
EndProject
Global
	GlobalSection(SolutionConfigurationPlatforms) = preSolution
		Debug|Any CPU = Debug|Any CPU
		Release|Any CPU = Release|Any CPU
	EndGlobalSection
	GlobalSection(ProjectConfigurationPlatforms) = postSolution
		{4AAB6F39-D1B2-4AD2-A353-B3372D48CFC3}.Debug|Any CPU.ActiveCfg = Debug|Any CPU
		{4AAB6F39-D1B2-4AD2-A353-B3372D48CFC3}.Debug|Any CPU.Build.0 = Debug|Any CPU
		{4AAB6F39-D1B2-4AD2-A353-B3372D48CFC3}.Release|Any CPU.ActiveCfg = Release|Any CPU
		{4AAB6F39-D1B2-4AD2-A353-B3372D48CFC3}.Release|Any CPU.Build.0 = Release|Any CPU
		{54DB8E6A-9BCD-4C05-8E06-AC15B36500C1}.Debug|Any CPU.ActiveCfg = Debug|Any CPU
		{54DB8E6A-9BCD-4C05-8E06-AC15B36500C1}.Debug|Any CPU.Build.0 = Debug|Any CPU
		{54DB8E6A-9BCD-4C05-8E06-AC15B36500C1}.Release|Any CPU.ActiveCfg = Release|Any CPU
		{54DB8E6A-9BCD-4C05-8E06-AC15B36500C1}.Release|Any CPU.Build.0 = Release|Any CPU
		{0AFA3A32-29A9-4BDA-8C00-1DB2E0A96183}.Debug|Any CPU.ActiveCfg = Debug|Any CPU
		{0AFA3A32-29A9-4BDA-8C00-1DB2E0A96183}.Debug|Any CPU.Build.0 = Debug|Any CPU
		{0AFA3A32-29A9-4BDA-8C00-1DB2E0A96183}.Release|Any CPU.ActiveCfg = Release|Any CPU
		{0AFA3A32-29A9-4BDA-8C00-1DB2E0A96183}.Release|Any CPU.Build.0 = Release|Any CPU
		{C6E7B38E-540B-425B-BEB3-D2FB4ECADEC1}.Debug|Any CPU.ActiveCfg = Debug|Any CPU
		{C6E7B38E-540B-425B-BEB3-D2FB4ECADEC1}.Debug|Any CPU.Build.0 = Debug|Any CPU
		{C6E7B38E-540B-425B-BEB3-D2FB4ECADEC1}.Release|Any CPU.ActiveCfg = Release|Any CPU
		{C6E7B38E-540B-425B-BEB3-D2FB4ECADEC1}.Release|Any CPU.Build.0 = Release|Any CPU
	EndGlobalSection
	GlobalSection(SolutionProperties) = preSolution
		HideSolutionNode = FALSE
	EndGlobalSection
	GlobalSection(ExtensibilityGlobals) = postSolution
		SolutionGuid = {E0193918-3722-43E7-BE72-28C58541395C}
	EndGlobalSection
EndGlobal
